dependencies:
- name: mariadb
  repository: https://charts.bitnami.com/bitnami
  version: 11.5.0
- name: clickhouse
  repository: https://charts.bitnami.com/bitnami
  version: 3.0.2
- name: mariadb
  repository: https://charts.bitnami.com/bitnami
  version: 11.5.0
digest: sha256:1f275ea49465eaf1209def4bcaf6d8d68c6650710493f22cd0ee10b6f7ed2555
generated: "2023-02-22T14:42:00.093210051Z"
